
Microsoft Visual Studio Solution File, Format Version 12.00
# Visual Studio Version 17
VisualStudioVersion = 17.5.33516.290
MinimumVisualStudioVersion = 10.0.40219.1
Project("{FAE04EC0-301F-11D3-BF4B-00C04F79EFBC}") = "ConsoleApp3", "ConsoleApp3.csproj", "{8673FB46-4A13-4C62-BE26-DF8BE3B161F1}"
EndProject
Global
	GlobalSection(SolutionConfigurationPlatforms) = preSolution
		Debug|Any CPU = Debug|Any CPU
		Release|Any CPU = Release|Any CPU
	EndGlobalSection
	GlobalSection(ProjectConfigurationPlatforms) = postSolution
		{8673FB46-4A13-4C62-BE26-DF8BE3B161F1}.Debug|Any CPU.ActiveCfg = Debug|Any CPU
		{8673FB46-4A13-4C62-BE26-DF8BE3B161F1}.Debug|Any CPU.Build.0 = Debug|Any CPU
		{8673FB46-4A13-4C62-BE26-DF8BE3B161F1}.Release|Any CPU.ActiveCfg = Release|Any CPU
		{8673FB46-4A13-4C62-BE26-DF8BE3B161F1}.Release|Any CPU.Build.0 = Release|Any CPU
	EndGlobalSection
	GlobalSection(SolutionProperties) = preSolution
		HideSolutionNode = FALSE
	EndGlobalSection
	GlobalSection(ExtensibilityGlobals) = postSolution
		SolutionGuid = {6974FE43-2039-439C-ADF6-932002A71C47}
	EndGlobalSection
EndGlobal
